Microsoft Visual Studio Solution File, Format Version 8.00
Project("{F184B08F-C81C-45F6-A57F-5ABD9991F28F}") = "PurchaseOrder", "PurchaseOrder.vbproj", "{AE21B2CB-B1E4-475D-9E92-CB3838EA582B}"
	ProjectSection(ProjectDependencies) = postProject
	EndProjectSection
EndProject
Global
	GlobalSection(SolutionConfiguration) = preSolution
		Debug = Debug
		Release = Release
	EndGlobalSection
	GlobalSection(ProjectConfiguration) = postSolution
		{AE21B2CB-B1E4-475D-9E92-CB3838EA582B}.Debug.ActiveCfg = Debug|.NET
		{AE21B2CB-B1E4-475D-9E92-CB3838EA582B}.Debug.Build.0 = Debug|.NET
		{AE21B2CB-B1E4-475D-9E92-CB3838EA582B}.Release.ActiveCfg = Release|.NET
		{AE21B2CB-B1E4-475D-9E92-CB3838EA582B}.Release.Build.0 = Release|.NET
	EndGlobalSection
	GlobalSection(ExtensibilityGlobals) = postSolution
	EndGlobalSection
	GlobalSection(ExtensibilityAddIns) = postSolution
	EndGlobalSection
EndGlobal
